
Microsoft Visual Studio Solution File, Format Version 12.00
# Visual Studio 2013
VisualStudioVersion = 12.0.31101.0
MinimumVisualStudioVersion = 10.0.40219.1
Project("{1863889A-00DF-4350-BA39-669CA949CB81}") = "PHP01", "PHP01\PHP01.phpproj", "{ACC33096-7D02-4A5F-BBE4-3EC33AEA54FE}"
EndProject
Global
	GlobalSection(SolutionConfigurationPlatforms) = preSolution
		Local|PHP 5.6 = Local|PHP 5.6
		Production|PHP 5.6 = Production|PHP 5.6
		Staging|PHP 5.6 = Staging|PHP 5.6
	EndGlobalSection
	GlobalSection(ProjectConfigurationPlatforms) = postSolution
		{ACC33096-7D02-4A5F-BBE4-3EC33AEA54FE}.Local|PHP 5.6.ActiveCfg = Local|PHP 5.6
		{ACC33096-7D02-4A5F-BBE4-3EC33AEA54FE}.Local|PHP 5.6.Deploy.0 = Local|PHP 5.6
		{ACC33096-7D02-4A5F-BBE4-3EC33AEA54FE}.Production|PHP 5.6.ActiveCfg = Production|PHP 5.6
		{ACC33096-7D02-4A5F-BBE4-3EC33AEA54FE}.Production|PHP 5.6.Deploy.0 = Production|PHP 5.6
		{ACC33096-7D02-4A5F-BBE4-3EC33AEA54FE}.Staging|PHP 5.6.ActiveCfg = Staging|PHP 5.6
		{ACC33096-7D02-4A5F-BBE4-3EC33AEA54FE}.Staging|PHP 5.6.Deploy.0 = Staging|PHP 5.6
	EndGlobalSection
	GlobalSection(SolutionProperties) = preSolution
		HideSolutionNode = FALSE
	EndGlobalSection
EndGlobal
